// !$*UTF8*$!
{
	archiveVersion = 1;
	classes = {
	};
	objectVersion = 50;
	objects = {

/* Begin PBXBuildFile section */
		8C42D0912455C6B800143CB3 /* AppDelegate.swift in Sources */ = {isa = PBXBuildFile; fileRef = 8C42D0902455C6B800143CB3 /* AppDelegate.swift */; };
		8C42D0932455C6B800143CB3 /* SceneDelegate.swift in Sources */ = {isa = PBXBuildFile; fileRef = 8C42D0922455C6B800143CB3 /* SceneDelegate.swift */; };
		8C42D0952455C6B800143CB3 /* ViewController.swift in Sources */ = {isa = PBXBuildFile; fileRef = 8C42D0942455C6B800143CB3 /* ViewController.swift */; };
		8C42D0982455C6B800143CB3 /* Main.storyboard in Resources */ = {isa = PBXBuildFile; fileRef = 8C42D0962455C6B800143CB3 /* Main.storyboard */; };
		8C42D09A2455C6B800143CB3 /* Assets.xcassets in Resources */ = {isa = PBXBuildFile; fileRef = 8C42D0992455C6B800143CB3 /* Assets.xcassets */; };
		8C42D09D2455C6B800143CB3 /* LaunchScreen.storyboard in Resources */ = {isa = PBXBuildFile; fileRef = 8C42D09B2455C6B800143CB3 /* LaunchScreen.storyboard */; };
		8C42D0A82455C6B900143CB3 /* chameleonTests.swift in Sources */ = {isa = PBXBuildFile; fileRef = 8C42D0A72455C6B900143CB3 /* chameleonTests.swift */; };
/* End PBXBuildFile section */

/* Begin PBXContainerItemProxy section */
		8C42D0A42455C6B900143CB3 /* PBXContainerItemProxy */ = {
			isa = PBXContainerItemProxy;
			containerPortal = 8C42D0852455C6B800143CB3 /* Project object */;
			proxyType = 1;
			remoteGlobalIDString = 8C42D08C2455C6B800143CB3;
			remoteInfo = chameleon;
		};
/* End PBXContainerItemProxy section */

/* Begin PBXFileReference section */
		8C42D08D2455C6B800143CB3 /* chameleon.app */ = {isa = PBXFileReference; explicitFileType = wrapper.application; includeInIndex = 0; path = chameleon.app; sourceTree = BUILT_PRODUCTS_DIR; };
		8C42D0902455C6B800143CB3 /* AppDelegate.swift */ = {isa = PBXFileReference; lastKnownFileType = sourcecode.swift; path = AppDelegate.swift; sourceTree = "<group>"; };
		8C42D0922455C6B800143CB3 /* SceneDelegate.swift */ = {isa = PBXFileReference; lastKnownFileType = sourcecode.swift; path = SceneDelegate.swift; sourceTree = "<group>"; };
		8C42D0942455C6B800143CB3 /* ViewController.swift */ = {isa = PBXFileReference; lastKnownFileType = sourcecode.swift; path = ViewController.swift; sourceTree = "<group>"; };
		8C42D0972455C6B800143CB3 /* Base */ = {isa = PBXFileReference; lastKnownFileType = file.storyboard; name = Base; path = Base.lproj/Main.storyboard; sourceTree = "<group>"; };
		8C42D0992455C6B800143CB3 /* Assets.xcassets */ = {isa = PBXFileReference; lastKnownFileType = folder.assetcatalog; path = Assets.xcassets; sourceTree = "<group>"; };
		8C42D09C2455C6B800143CB3 /* Base */ = {isa = PBXFileReference; lastKnownFileType = file.storyboard; name = Base; path = Base.lproj/LaunchScreen.storyboard; sourceTree = "<group>"; };
		8C42D09E2455C6B800143CB3 /* Info.plist */ = {isa = PBXFileReference; lastKnownFileType = text.plist.xml; path = Info.plist; sourceTree = "<group>"; };
		8C42D0A32455C6B900143CB3 /* chameleonTests.xctest */ = {isa = PBXFileReference; explicitFileType = wrapper.cfbundle; includeInIndex = 0; path = chameleonTests.xctest; sourceTree = BUILT_PRODUCTS_DIR; };
		8C42D0A72455C6B900143CB3 /* chameleonTests.swift */ = {isa = PBXFileReference; lastKnownFileType = sourcecode.swift; path = chameleonTests.swift; sourceTree = "<group>"; };
		8C42D0A92455C6B900143CB3 /* Info.plist */ = {isa = PBXFileReference; lastKnownFileType = text.plist.xml; path = Info.plist; sourceTree = "<group>"; };
/* End PBXFileReference section */

/* Begin PBXFrameworksBuildPhase section */
		8C42D08A2455C6B800143CB3 /* Frameworks */ = {
			isa = PBXFrameworksBuildPhase;
			buildActionMask = 2147483647;
			files = (
			);
			runOnlyForDeploymentPostprocessing = 0;
		};
		8C42D0A02455C6B900143CB3 /* Frameworks */ = {
			isa = PBXFrameworksBuildPhase;
			buildActionMask = 2147483647;
			files = (
			);
			runOnlyForDeploymentPostprocessing = 0;
		};
/* End PBXFrameworksBuildPhase section */

/* Begin PBXGroup section */
		8C42D0842455C6B800143CB3 = {
			isa = PBXGroup;
			children = (
				8C42D08F2455C6B800143CB3 /* chameleon */,
				8C42D0A62455C6B900143CB3 /* chameleonTests */,
				8C42D08E2455C6B800143CB3 /* Products */,
			);
			sourceTree = "<group>";
		};
		8C42D08E2455C6B800143CB3 /* Products */ = {
			isa = PBXGroup;
			children = (
				8C42D08D2455C6B800143CB3 /* chameleon.app */,
				8C42D0A32455C6B900143CB3 /* chameleonTests.xctest */,
			);
			name = Products;
			sourceTree = "<group>";
		};
		8C42D08F2455C6B800143CB3 /* chameleon */ = {
			isa = PBXGroup;
			children = (
				8C42D0902455C6B800143CB3 /* AppDelegate.swift */,
				8C42D0922455C6B800143CB3 /* SceneDelegate.swift */,
				8C42D0942455C6B800143CB3 /* ViewController.swift */,
				8C42D0962455C6B800143CB3 /* Main.storyboard */,
				8C42D0992455C6B800143CB3 /* Assets.xcassets */,
				8C42D09B2455C6B800143CB3 /* LaunchScreen.storyboard */,
				8C42D09E2455C6B800143CB3 /* Info.plist */,
			);
			path = chameleon;
			sourceTree = "<group>";
		};
		8C42D0A62455C6B900143CB3 /* chameleonTests */ = {
			isa = PBXGroup;
			children = (
				8C42D0A72455C6B900143CB3 /* chameleonTests.swift */,
				8C42D0A92455C6B900143CB3 /* Info.plist */,
			);
			path = chameleonTests;
			sourceTree = "<group>";
		};
/* End PBXGroup section */

/* Begin PBXNativeTarget section */
		8C42D08C2455C6B800143CB3 /* chameleon */ = {
			isa = PBXNativeTarget;
			buildConfigurationList = 8C42D0AC2455C6B900143CB3 /* Build configuration list for PBXNativeTarget "chameleon" */;
			buildPhases = (
				8C42D0892455C6B800143CB3 /* Sources */,
				8C42D08A2455C6B800143CB3 /* Frameworks */,
				8C42D08B2455C6B800143CB3 /* Resources */,
			);
			buildRules = (
			);
			dependencies = (
			);
			name = chameleon;
			productName = chameleon;
			productReference = 8C42D08D2455C6B800143CB3 /* chameleon.app */;
			productType = "com.apple.product-type.application";
		};
		8C42D0A22455C6B900143CB3 /* chameleonTests */ = {
			isa = PBXNativeTarget;
			buildConfigurationList = 8C42D0AF2455C6B900143CB3 /* Build configuration list for PBXNativeTarget "chameleonTests" */;
			buildPhases = (
				8C42D09F2455C6B900143CB3 /* Sources */,
				8C42D0A02455C6B900143CB3 /* Frameworks */,
				8C42D0A12455C6B900143CB3 /* Resources */,
			);
			buildRules = (
			);
			dependencies = (
				8C42D0A52455C6B900143CB3 /* PBXTargetDependency */,
			);
			name = chameleonTests;
			productName = chameleonTests;
			productReference = 8C42D0A32455C6B900143CB3 /* chameleonTests.xctest */;
			productType = "com.apple.product-type.bundle.unit-test";
		};
/* End PBXNativeTarget section */

/* Begin PBXProject section */
		8C42D0852455C6B800143CB3 /* Project object */ = {
			isa = PBXProject;
			attributes = {
				LastSwiftUpdateCheck = 1140;
				LastUpgradeCheck = 1140;
				ORGANIZATIONNAME = blackargyle;
				TargetAttributes = {
					8C42D08C2455C6B800143CB3 = {
						CreatedOnToolsVersion = 11.4.1;
					};
					8C42D0A22455C6B900143CB3 = {
						CreatedOnToolsVersion = 11.4.1;
						TestTargetID = 8C42D08C2455C6B800143CB3;
					};
				};
			};
			buildConfigurationList = 8C42D0882455C6B800143CB3 /* Build configuration list for PBXProject "chameleon" */;
			compatibilityVersion = "Xcode 9.3";
			developmentRegion = en;
			hasScannedForEncodings = 0;
			knownRegions = (
				en,
				Base,
			);
			mainGroup = 8C42D0842455C6B800143CB3;
			productRefGroup = 8C42D08E2455C6B800143CB3 /* Products */;
			projectDirPath = "";
			projectRoot = "";
			targets = (
				8C42D08C2455C6B800143CB3 /* chameleon */,
				8C42D0A22455C6B900143CB3 /* chameleonTests */,
			);
		};
/* End PBXProject section */

/* Begin PBXResourcesBuildPhase section */
		8C42D08B2455C6B800143CB3 /* Resources */ = {
			isa = PBXResourcesBuildPhase;
			buildActionMask = 2147483647;
			files = (
				8C42D09D2455C6B800143CB3 /* LaunchScreen.storyboard in Resources */,
				8C42D09A2455C6B800143CB3 /* Assets.xcassets in Resources */,
				8C42D0982455C6B800143CB3 /* Main.storyboard in Resources */,
			);
			runOnlyForDeploymentPostprocessing = 0;
		};
		8C42D0A12455C6B900143CB3 /* Resources */ = {
			isa = PBXResourcesBuildPhase;
			buildActionMask = 2147483647;
			files = (
			);
			runOnlyForDeploymentPostprocessing = 0;
		};
/* End PBXResourcesBuildPhase section */

/* Begin PBXSourcesBuildPhase section */
		8C42D0892455C6B800143CB3 /* Sources */ = {
			isa = PBXSourcesBuildPhase;
			buildActionMask = 2147483647;
			files = (
				8C42D0952455C6B800143CB3 /* ViewController.swift in Sources */,
				8C42D0912455C6B800143CB3 /* AppDelegate.swift in Sources */,
				8C42D0932455C6B800143CB3 /* SceneDelegate.swift in Sources */,
			);
			runOnlyForDeploymentPostprocessing = 0;
		};
		8C42D09F2455C6B900143CB3 /* Sources */ = {
			isa = PBXSourcesBuildPhase;
			buildActionMask = 2147483647;
			files = (
				8C42D0A82455C6B900143CB3 /* chameleonTests.swift in Sources */,
			);
			runOnlyForDeploymentPostprocessing = 0;
		};
/* End PBXSourcesBuildPhase section */

/* Begin PBXTargetDependency section */
		8C42D0A52455C6B900143CB3 /* PBXTargetDependency */ = {
			isa = PBXTargetDependency;
			target = 8C42D08C2455C6B800143CB3 /* chameleon */;
			targetProxy = 8C42D0A42455C6B900143CB3 /* PBXContainerItemProxy */;
		};
/* End PBXTargetDependency section */

/* Begin PBXVariantGroup section */
		8C42D0962455C6B800143CB3 /* Main.storyboard */ = {
			isa = PBXVariantGroup;
			children = (
				8C42D0972455C6B800143CB3 /* Base */,
			);
			name = Main.storyboard;
			sourceTree = "<group>";
		};
		8C42D09B2455C6B800143CB3 /* LaunchScreen.storyboard */ = {
			isa = PBXVariantGroup;
			children = (
				8C42D09C2455C6B800143CB3 /* Base */,
			);
			name = LaunchScreen.storyboard;
			sourceTree = "<group>";
		};
/* End PBXVariantGroup section */

/* Begin XCBuildConfiguration section */
		8C42D0AA2455C6B900143CB3 /* Debug */ = {
			isa = XCBuildConfiguration;
			buildSettings = {
				ALWAYS_SEARCH_USER_PATHS = NO;
				CLANG_ANALYZER_NONNULL = YES;
				CLANG_ANALYZER_NUMBER_OBJECT_CONVERSION = YES_AGGRESSIVE;
				CLANG_CXX_LANGUAGE_STANDARD = "gnu++14";
				CLANG_CXX_LIBRARY = "libc++";
				CLANG_ENABLE_MODULES = YES;
				CLANG_ENABLE_OBJC_ARC = YES;
				CLANG_ENABLE_OBJC_WEAK = YES;
				CLANG_WARN_BLOCK_CAPTURE_AUTORELEASING = YES;
				CLANG_WARN_BOOL_CONVERSION = YES;
				CLANG_WARN_COMMA = YES;
				CLANG_WARN_CONSTANT_CONVERSION = YES;
				CLANG_WARN_DEPRECATED_OBJC_IMPLEMENTATIONS = YES;
				CLANG_WARN_DIRECT_OBJC_ISA_USAGE = YES_ERROR;
				CLANG_WARN_DOCUMENTATION_COMMENTS = YES;
				CLANG_WARN_EMPTY_BODY = YES;
				CLANG_WARN_ENUM_CONVERSION = YES;
				CLANG_WARN_INFINITE_RECURSION = YES;
				CLANG_WARN_INT_CONVERSION = YES;
				CLANG_WARN_NON_LITERAL_NULL_CONVERSION = YES;
				CLANG_WARN_OBJC_IMPLICIT_RETAIN_SELF = YES;
				CLANG_WARN_OBJC_LITERAL_CONVERSION = YES;
				CLANG_WARN_OBJC_ROOT_CLASS = YES_ERROR;
				CLANG_WARN_RANGE_LOOP_ANALYSIS = YES;
				CLANG_WARN_STRICT_PROTOTYPES = YES;
				CLANG_WARN_SUSPICIOUS_MOVE = YES;
				CLANG_WARN_UNGUARDED_AVAILABILITY = YES_AGGRESSIVE;
				CLANG_WARN_UNREACHABLE_CODE = YES;
				CLANG_WARN__DUPLICATE_METHOD_MATCH = YES;
				COPY_PHASE_STRIP = NO;
				DEBUG_INFORMATION_FORMAT = dwarf;
				ENABLE_STRICT_OBJC_MSGSEND = YES;
				ENABLE_TESTABILITY = YES;
				GCC_C_LANGUAGE_STANDARD = gnu11;
				GCC_DYNAMIC_NO_PIC = NO;
				GCC_NO_COMMON_BLOCKS = YES;
				GCC_OPTIMIZATION_LEVEL = 0;
				GCC_PREPROCESSOR_DEFINITIONS = (
					"DEBUG=1",
					"$(inherited)",
				);
				GCC_WARN_64_TO_32_BIT_CONVERSION = YES;
				GCC_WARN_ABOUT_RETURN_TYPE = YES_ERROR;
				GCC_WARN_UNDECLARED_SELECTOR = YES;
				GCC_WARN_UNINITIALIZED_AUTOS = YES_AGGRESSIVE;
				GCC_WARN_UNUSED_FUNCTION = YES;
				GCC_WARN_UNUSED_VARIABLE = YES;
				IPHONEOS_DEPLOYMENT_TARGET = 13.4;
				MTL_ENABLE_DEBUG_INFO = INCLUDE_SOURCE;
				MTL_FAST_MATH = YES;
				ONLY_ACTIVE_ARCH = YES;
				SDKROOT = iphoneos;
				SWIFT_ACTIVE_COMPILATION_CONDITIONS = DEBUG;
				SWIFT_OPTIMIZATION_LEVEL = "-Onone";
			};
			name = Debug;
		};
		8C42D0AB2455C6B900143CB3 /* Release */ = {
			isa = XCBuildConfiguration;
			buildSettings = {
				ALWAYS_SEARCH_USER_PATHS = NO;
				CLANG_ANALYZER_NONNULL = YES;
				CLANG_ANALYZER_NUMBER_OBJECT_CONVERSION = YES_AGGRESSIVE;
				CLANG_CXX_LANGUAGE_STANDARD = "gnu++14";
				CLANG_CXX_LIBRARY = "libc++";
				CLANG_ENABLE_MODULES = YES;
				CLANG_ENABLE_OBJC_ARC = YES;
				CLANG_ENABLE_OBJC_WEAK = YES;
				CLANG_WARN_BLOCK_CAPTURE_AUTORELEASING = YES;
				CLANG_WARN_BOOL_CONVERSION = YES;
				CLANG_WARN_COMMA = YES;
				CLANG_WARN_CONSTANT_CONVERSION = YES;
				CLANG_WARN_DEPRECATED_OBJC_IMPLEMENTATIONS = YES;
				CLANG_WARN_DIRECT_OBJC_ISA_USAGE = YES_ERROR;
				CLANG_WARN_DOCUMENTATION_COMMENTS = YES;
				CLANG_WARN_EMPTY_BODY = YES;
				CLANG_WARN_ENUM_CONVERSION = YES;
				CLANG_WARN_INFINITE_RECURSION = YES;
				CLANG_WARN_INT_CONVERSION = YES;
				CLANG_WARN_NON_LITERAL_NULL_CONVERSION = YES;
				CLANG_WARN_OBJC_IMPLICIT_RETAIN_SELF = YES;
				CLANG_WARN_OBJC_LITERAL_CONVERSION = YES;
				CLANG_WARN_OBJC_ROOT_CLASS = YES_ERROR;
				CLANG_WARN_RANGE_LOOP_ANALYSIS = YES;
				CLANG_WARN_STRICT_PROTOTYPES = YES;
				CLANG_WARN_SUSPICIOUS_MOVE = YES;
				CLANG_WARN_UNGUARDED_AVAILABILITY = YES_AGGRESSIVE;
				CLANG_WARN_UNREACHABLE_CODE = YES;
				CLANG_WARN__DUPLICATE_METHOD_MATCH = YES;
				COPY_PHASE_STRIP = NO;
				DEBUG_INFORMATION_FORMAT = "dwarf-with-dsym";
				ENABLE_NS_ASSERTIONS = NO;
				ENABLE_STRICT_OBJC_MSGSEND = YES;
				GCC_C_LANGUAGE_STANDARD = gnu11;
				GCC_NO_COMMON_BLOCKS = YES;
				GCC_WARN_64_TO_32_BIT_CONVERSION = YES;
				GCC_WARN_ABOUT_RETURN_TYPE = YES_ERROR;
				GCC_WARN_UNDECLARED_SELECTOR = YES;
				GCC_WARN_UNINITIALIZED_AUTOS = YES_AGGRESSIVE;
				GCC_WARN_UNUSED_FUNCTION = YES;
				GCC_WARN_UNUSED_VARIABLE = YES;
				IPHONEOS_DEPLOYMENT_TARGET = 13.4;
				MTL_ENABLE_DEBUG_INFO = NO;
				MTL_FAST_MATH = YES;
				SDKROOT = iphoneos;
				SWIFT_COMPILATION_MODE = wholemodule;
				SWIFT_OPTIMIZATION_LEVEL = "-O";
				VALIDATE_PRODUCT = YES;
			};
			name = Release;
		};
		8C42D0AD2455C6B900143CB3 /* Debug */ = {
			isa = XCBuildConfiguration;
			buildSettings = {
				ASSETCATALOG_COMPILER_APPICON_NAME = AppIcon;
				CODE_SIGN_STYLE = Automatic;
				INFOPLIST_FILE = chameleon/Info.plist;
				LD_RUNPATH_SEARCH_PATHS = (
					"$(inherited)",
					"@executable_path/Frameworks",
				);
				PRODUCT_BUNDLE_IDENTIFIER = com.blackargyle.chameleon;
				PRODUCT_NAME = "$(TARGET_NAME)";
				SWIFT_VERSION = 5.0;
				TARGETED_DEVICE_FAMILY = "1,2";
			};
			name = Debug;
		};
		8C42D0AE2455C6B900143CB3 /* Release */ = {
			isa = XCBuildConfiguration;
			buildSettings = {
				ASSETCATALOG_COMPILER_APPICON_NAME = AppIcon;
				CODE_SIGN_STYLE = Automatic;
				INFOPLIST_FILE = chameleon/Info.plist;
				LD_RUNPATH_SEARCH_PATHS = (
					"$(inherited)",
					"@executable_path/Frameworks",
				);
				PRODUCT_BUNDLE_IDENTIFIER = com.blackargyle.chameleon;
				PRODUCT_NAME = "$(TARGET_NAME)";
				SWIFT_VERSION = 5.0;
				TARGETED_DEVICE_FAMILY = "1,2";
			};
			name = Release;
		};
		8C42D0B02455C6B900143CB3 /* Debug */ = {
			isa = XCBuildConfiguration;
			buildSettings = {
				ALWAYS_EMBED_SWIFT_STANDARD_LIBRARIES = YES;
				BUNDLE_LOADER = "$(TEST_HOST)";
				CODE_SIGN_STYLE = Automatic;
				INFOPLIST_FILE = chameleonTests/Info.plist;
				IPHONEOS_DEPLOYMENT_TARGET = 13.4;
				LD_RUNPATH_SEARCH_PATHS = (
					"$(inherited)",
					"@executable_path/Frameworks",
					"@loader_path/Frameworks",
				);
				PRODUCT_BUNDLE_IDENTIFIER = com.blackargyle.chameleonTests;
				PRODUCT_NAME = "$(TARGET_NAME)";
				SWIFT_VERSION = 5.0;
				TARGETED_DEVICE_FAMILY = "1,2";
				TEST_HOST = "$(BUILT_PRODUCTS_DIR)/chameleon.app/chameleon";
			};
			name = Debug;
		};
		8C42D0B12455C6B900143CB3 /* Release */ = {
			isa = XCBuildConfiguration;
			buildSettings = {
				ALWAYS_EMBED_SWIFT_STANDARD_LIBRARIES = YES;
				BUNDLE_LOADER = "$(TEST_HOST)";
				CODE_SIGN_STYLE = Automatic;
				INFOPLIST_FILE = chameleonTests/Info.plist;
				IPHONEOS_DEPLOYMENT_TARGET = 13.4;
				LD_RUNPATH_SEARCH_PATHS = (
					"$(inherited)",
					"@executable_path/Frameworks",
					"@loader_path/Frameworks",
				);
				PRODUCT_BUNDLE_IDENTIFIER = com.blackargyle.chameleonTests;
				PRODUCT_NAME = "$(TARGET_NAME)";
				SWIFT_VERSION = 5.0;
				TARGETED_DEVICE_FAMILY = "1,2";
				TEST_HOST = "$(BUILT_PRODUCTS_DIR)/chameleon.app/chameleon";
			};
			name = Release;
		};
/* End XCBuildConfiguration section */

/* Begin XCConfigurationList section */
		8C42D0882455C6B800143CB3 /* Build configuration list for PBXProject "chameleon" */ = {
			isa = XCConfigurationList;
			buildConfigurations = (
				8C42D0AA2455C6B900143CB3 /* Debug */,
				8C42D0AB2455C6B900143CB3 /* Release */,
			);
			defaultConfigurationIsVisible = 0;
			defaultConfigurationName = Release;
		};
		8C42D0AC2455C6B900143CB3 /* Build configuration list for PBXNativeTarget "chameleon" */ = {
			isa = XCConfigurationList;
			buildConfigurations = (
				8C42D0AD2455C6B900143CB3 /* Debug */,
				8C42D0AE2455C6B900143CB3 /* Release */,
			);
			defaultConfigurationIsVisible = 0;
			defaultConfigurationName = Release;
		};
		8C42D0AF2455C6B900143CB3 /* Build configuration list for PBXNativeTarget "chameleonTests" */ = {
			isa = XCConfigurationList;
			buildConfigurations = (
				8C42D0B02455C6B900143CB3 /* Debug */,
				8C42D0B12455C6B900143CB3 /* Release */,
			);
			defaultConfigurationIsVisible = 0;
			defaultConfigurationName = Release;
		};
/* End XCConfigurationList section */
	};
	rootObject = 8C42D0852455C6B800143CB3 /* Project object */;
}
